// !$*UTF8*$!
{
	archiveVersion = 1;
	classes = {
	};
	objectVersion = 45;
	objects = {

/* Begin PBXBuildFile section */
		815DC2882025EE3A0004DB6E /* MainMenu.nib in Resources */ = {isa = PBXBuildFile; fileRef = 815DC2862025EE3A0004DB6E /* MainMenu.nib */; };
		815DC31C2025F6E20004DB6E /* WebKit.framework in Frameworks */ = {isa = PBXBuildFile; fileRef = 815DC31B2025F6E20004DB6E /* WebKit.framework */; };
		81970F571ECC90ED00B43E6B /* OWAppDelegate.m in Sources */ = {isa = PBXBuildFile; fileRef = 81970F561ECC90ED00B43E6B /* OWAppDelegate.m */; };
		81970F721ECC93A300B43E6B /* OWBrowserController.m in Sources */ = {isa = PBXBuildFile; fileRef = 81970F711ECC93A300B43E6B /* OWBrowserController.m */; };
		819E08F71ED277A5009ED95B /* OWWindowHelper.m in Sources */ = {isa = PBXBuildFile; fileRef = 819E08F61ED277A5009ED95B /* OWWindowHelper.m */; };
		81B730F52029D2DC008CA242 /* OWUserAgentController.m in Sources */ = {isa = PBXBuildFile; fileRef = 81B730F42029D2DC008CA242 /* OWUserAgentController.m */; };
		81B732A32029E13F008CA242 /* OWLandingPageController.m in Sources */ = {isa = PBXBuildFile; fileRef = 81B732A22029E13F008CA242 /* OWLandingPageController.m */; };
		81B733722029EF79008CA242 /* CustomLandingURL.nib in Resources */ = {isa = PBXBuildFile; fileRef = 81B7336E2029EF79008CA242 /* CustomLandingURL.nib */; };
		81B733732029EF7A008CA242 /* CustomUserAgent.nib in Resources */ = {isa = PBXBuildFile; fileRef = 81B733702029EF79008CA242 /* CustomUserAgent.nib */; };
		81B733A22029F0D7008CA242 /* Credits.rtf in Resources */ = {isa = PBXBuildFile; fileRef = 81B733A12029F0D7008CA242 /* Credits.rtf */; };
		81B73406202A0133008CA242 /* OWBIcon.icns in Resources */ = {isa = PBXBuildFile; fileRef = 81B73405202A0133008CA242 /* OWBIcon.icns */; };
		8D11072B0486CEB800E47090 /* InfoPlist.strings in Resources */ = {isa = PBXBuildFile; fileRef = 089C165CFE840E0CC02AAC07 /* InfoPlist.strings */; };
		8D11072D0486CEB800E47090 /* main.m in Sources */ = {isa = PBXBuildFile; fileRef = 29B97316FDCFA39411CA2CEA /* main.m */; settings = {ATTRIBUTES = (); }; };
		8D11072F0486CEB800E47090 /* Cocoa.framework in Frameworks */ = {isa = PBXBuildFile; fileRef = 1058C7A1FEA54F0111CA2CBB /* Cocoa.framework */; };
/* End PBXBuildFile section */

/* Begin PBXFileReference section */
		089C165DFE840E0CC02AAC07 /* English */ = {isa = PBXFileReference; fileEncoding = 10; lastKnownFileType = text.plist.strings; name = English; path = English.lproj/InfoPlist.strings; sourceTree = "<group>"; };
		1058C7A1FEA54F0111CA2CBB /* Cocoa.framework */ = {isa = PBXFileReference; lastKnownFileType = wrapper.framework; name = Cocoa.framework; path = /System/Library/Frameworks/Cocoa.framework; sourceTree = "<absolute>"; };
		13E42FB307B3F0F600E4EEF1 /* CoreData.framework */ = {isa = PBXFileReference; lastKnownFileType = wrapper.framework; name = CoreData.framework; path = /System/Library/Frameworks/CoreData.framework; sourceTree = "<absolute>"; };
		29B97316FDCFA39411CA2CEA /* main.m */ = {isa = PBXFileReference; fileEncoding = 4; lastKnownFileType = sourcecode.c.objc; path = main.m; sourceTree = "<group>"; };
		29B97324FDCFA39411CA2CEA /* AppKit.framework */ = {isa = PBXFileReference; lastKnownFileType = wrapper.framework; name = AppKit.framework; path = /System/Library/Frameworks/AppKit.framework; sourceTree = "<absolute>"; };
		29B97325FDCFA39411CA2CEA /* Foundation.framework */ = {isa = PBXFileReference; lastKnownFileType = wrapper.framework; name = Foundation.framework; path = /System/Library/Frameworks/Foundation.framework; sourceTree = "<absolute>"; };
		32CA4F630368D1EE00C91783 /* OneWindowBrowser_Prefix.pch */ = {isa = PBXFileReference; fileEncoding = 4; lastKnownFileType = sourcecode.c.h; path = OneWindowBrowser_Prefix.pch; sourceTree = "<group>"; };
		815DC2872025EE3A0004DB6E /* English */ = {isa = PBXFileReference; lastKnownFileType = wrapper.nib; name = English; path = English.lproj/MainMenu.nib; sourceTree = "<group>"; };
		815DC31B2025F6E20004DB6E /* WebKit.framework */ = {isa = PBXFileReference; lastKnownFileType = wrapper.framework; name = WebKit.framework; path = /System/Library/Frameworks/WebKit.framework; sourceTree = "<absolute>"; };
		81970F551ECC90ED00B43E6B /* OWAppDelegate.h */ = {isa = PBXFileReference; fileEncoding = 4; lastKnownFileType = sourcecode.c.h; path = OWAppDelegate.h; sourceTree = "<group>"; };
		81970F561ECC90ED00B43E6B /* OWAppDelegate.m */ = {isa = PBXFileReference; fileEncoding = 4; lastKnownFileType = sourcecode.c.objc; path = OWAppDelegate.m; sourceTree = "<group>"; };
		81970F701ECC93A300B43E6B /* OWBrowserController.h */ = {isa = PBXFileReference; fileEncoding = 4; lastKnownFileType = sourcecode.c.h; path = OWBrowserController.h; sourceTree = "<group>"; };
		81970F711ECC93A300B43E6B /* OWBrowserController.m */ = {isa = PBXFileReference; fileEncoding = 4; lastKnownFileType = sourcecode.c.objc; path = OWBrowserController.m; sourceTree = "<group>"; };
		819E08F51ED277A5009ED95B /* OWWindowHelper.h */ = {isa = PBXFileReference; fileEncoding = 4; lastKnownFileType = sourcecode.c.h; path = OWWindowHelper.h; sourceTree = "<group>"; };
		819E08F61ED277A5009ED95B /* OWWindowHelper.m */ = {isa = PBXFileReference; fileEncoding = 4; lastKnownFileType = sourcecode.c.objc; path = OWWindowHelper.m; sourceTree = "<group>"; };
		81A9E5FC1EF90673007D197E /* OneWindowBrowser.app */ = {isa = PBXFileReference; explicitFileType = wrapper.application; includeInIndex = 0; path = OneWindowBrowser.app; sourceTree = BUILT_PRODUCTS_DIR; };
		81B730F32029D2DC008CA242 /* OWUserAgentController.h */ = {isa = PBXFileReference; fileEncoding = 4; lastKnownFileType = sourcecode.c.h; path = OWUserAgentController.h; sourceTree = "<group>"; };
		81B730F42029D2DC008CA242 /* OWUserAgentController.m */ = {isa = PBXFileReference; fileEncoding = 4; lastKnownFileType = sourcecode.c.objc; path = OWUserAgentController.m; sourceTree = "<group>"; };
		81B732A12029E13F008CA242 /* OWLandingPageController.h */ = {isa = PBXFileReference; fileEncoding = 4; lastKnownFileType = sourcecode.c.h; path = OWLandingPageController.h; sourceTree = "<group>"; };
		81B732A22029E13F008CA242 /* OWLandingPageController.m */ = {isa = PBXFileReference; fileEncoding = 4; lastKnownFileType = sourcecode.c.objc; path = OWLandingPageController.m; sourceTree = "<group>"; };
		81B7336F2029EF79008CA242 /* English */ = {isa = PBXFileReference; lastKnownFileType = wrapper.nib; name = English; path = English.lproj/CustomLandingURL.nib; sourceTree = "<group>"; };
		81B733712029EF79008CA242 /* English */ = {isa = PBXFileReference; lastKnownFileType = wrapper.nib; name = English; path = English.lproj/CustomUserAgent.nib; sourceTree = "<group>"; };
		81B733A12029F0D7008CA242 /* Credits.rtf */ = {isa = PBXFileReference; lastKnownFileType = text.rtf; path = Credits.rtf; sourceTree = "<group>"; };
		81B73405202A0133008CA242 /* OWBIcon.icns */ = {isa = PBXFileReference; lastKnownFileType = image.icns; path = OWBIcon.icns; sourceTree = "<group>"; };
		8D1107310486CEB800E47090 /* Info.plist */ = {isa = PBXFileReference; fileEncoding = 4; lastKnownFileType = text.plist.xml; path = Info.plist; sourceTree = "<group>"; };
/* End PBXFileReference section */

/* Begin PBXFrameworksBuildPhase section */
		8D11072E0486CEB800E47090 /* Frameworks */ = {
			isa = PBXFrameworksBuildPhase;
			buildActionMask = 2147483647;
			files = (
				8D11072F0486CEB800E47090 /* Cocoa.framework in Frameworks */,
				815DC31C2025F6E20004DB6E /* WebKit.framework in Frameworks */,
			);
			runOnlyForDeploymentPostprocessing = 0;
		};
/* End PBXFrameworksBuildPhase section */

/* Begin PBXGroup section */
		080E96DDFE201D6D7F000001 /* Classes */ = {
			isa = PBXGroup;
			children = (
				81970F551ECC90ED00B43E6B /* OWAppDelegate.h */,
				81970F561ECC90ED00B43E6B /* OWAppDelegate.m */,
				81970F701ECC93A300B43E6B /* OWBrowserController.h */,
				81970F711ECC93A300B43E6B /* OWBrowserController.m */,
				819E08F51ED277A5009ED95B /* OWWindowHelper.h */,
				819E08F61ED277A5009ED95B /* OWWindowHelper.m */,
				81B730F32029D2DC008CA242 /* OWUserAgentController.h */,
				81B730F42029D2DC008CA242 /* OWUserAgentController.m */,
				81B732A12029E13F008CA242 /* OWLandingPageController.h */,
				81B732A22029E13F008CA242 /* OWLandingPageController.m */,
			);
			name = Classes;
			sourceTree = "<group>";
		};
		1058C7A0FEA54F0111CA2CBB /* Linked Frameworks */ = {
			isa = PBXGroup;
			children = (
				815DC31B2025F6E20004DB6E /* WebKit.framework */,
				1058C7A1FEA54F0111CA2CBB /* Cocoa.framework */,
			);
			name = "Linked Frameworks";
			sourceTree = "<group>";
		};
		1058C7A2FEA54F0111CA2CBB /* Other Frameworks */ = {
			isa = PBXGroup;
			children = (
				29B97324FDCFA39411CA2CEA /* AppKit.framework */,
				13E42FB307B3F0F600E4EEF1 /* CoreData.framework */,
				29B97325FDCFA39411CA2CEA /* Foundation.framework */,
			);
			name = "Other Frameworks";
			sourceTree = "<group>";
		};
		19C28FACFE9D520D11CA2CBB /* Products */ = {
			isa = PBXGroup;
			children = (
				81A9E5FC1EF90673007D197E /* OneWindowBrowser.app */,
			);
			name = Products;
			sourceTree = "<group>";
		};
		29B97314FDCFA39411CA2CEA /* SimpleBrowserLeopard */ = {
			isa = PBXGroup;
			children = (
				080E96DDFE201D6D7F000001 /* Classes */,
				29B97315FDCFA39411CA2CEA /* Other Sources */,
				29B97317FDCFA39411CA2CEA /* Resources */,
				29B97323FDCFA39411CA2CEA /* Frameworks */,
				19C28FACFE9D520D11CA2CBB /* Products */,
			);
			name = SimpleBrowserLeopard;
			sourceTree = "<group>";
		};
		29B97315FDCFA39411CA2CEA /* Other Sources */ = {
			isa = PBXGroup;
			children = (
				32CA4F630368D1EE00C91783 /* OneWindowBrowser_Prefix.pch */,
				29B97316FDCFA39411CA2CEA /* main.m */,
			);
			name = "Other Sources";
			sourceTree = "<group>";
		};
		29B97317FDCFA39411CA2CEA /* Resources */ = {
			isa = PBXGroup;
			children = (
				81B73405202A0133008CA242 /* OWBIcon.icns */,
				8D1107310486CEB800E47090 /* Info.plist */,
				81B7336E2029EF79008CA242 /* CustomLandingURL.nib */,
				81B733702029EF79008CA242 /* CustomUserAgent.nib */,
				815DC2862025EE3A0004DB6E /* MainMenu.nib */,
				089C165CFE840E0CC02AAC07 /* InfoPlist.strings */,
				81B733A12029F0D7008CA242 /* Credits.rtf */,
			);
			name = Resources;
			sourceTree = "<group>";
		};
		29B97323FDCFA39411CA2CEA /* Frameworks */ = {
			isa = PBXGroup;
			children = (
				1058C7A0FEA54F0111CA2CBB /* Linked Frameworks */,
				1058C7A2FEA54F0111CA2CBB /* Other Frameworks */,
			);
			name = Frameworks;
			sourceTree = "<group>";
		};
/* End PBXGroup section */

/* Begin PBXNativeTarget section */
		8D1107260486CEB800E47090 /* OneWindowBrowser */ = {
			isa = PBXNativeTarget;
			buildConfigurationList = C01FCF4A08A954540054247B /* Build configuration list for PBXNativeTarget "OneWindowBrowser" */;
			buildPhases = (
				8D1107290486CEB800E47090 /* Resources */,
				8D11072C0486CEB800E47090 /* Sources */,
				8D11072E0486CEB800E47090 /* Frameworks */,
			);
			buildRules = (
			);
			dependencies = (
			);
			name = OneWindowBrowser;
			productInstallPath = "$(HOME)/Applications";
			productName = SimpleBrowserLeopard;
			productReference = 81A9E5FC1EF90673007D197E /* OneWindowBrowser.app */;
			productType = "com.apple.product-type.application";
		};
/* End PBXNativeTarget section */

/* Begin PBXProject section */
		29B97313FDCFA39411CA2CEA /* Project object */ = {
			isa = PBXProject;
			buildConfigurationList = C01FCF4E08A954540054247B /* Build configuration list for PBXProject "OneWindowBrowser XcodeV3" */;
			compatibilityVersion = "Xcode 3.1";
			hasScannedForEncodings = 1;
			knownRegions = (
				en,
				English,
			);
			mainGroup = 29B97314FDCFA39411CA2CEA /* SimpleBrowserLeopard */;
			projectDirPath = "";
			projectRoot = "";
			targets = (
				8D1107260486CEB800E47090 /* OneWindowBrowser */,
			);
		};
/* End PBXProject section */

/* Begin PBXResourcesBuildPhase section */
		8D1107290486CEB800E47090 /* Resources */ = {
			isa = PBXResourcesBuildPhase;
			buildActionMask = 2147483647;
			files = (
				8D11072B0486CEB800E47090 /* InfoPlist.strings in Resources */,
				815DC2882025EE3A0004DB6E /* MainMenu.nib in Resources */,
				81B733722029EF79008CA242 /* CustomLandingURL.nib in Resources */,
				81B733732029EF7A008CA242 /* CustomUserAgent.nib in Resources */,
				81B733A22029F0D7008CA242 /* Credits.rtf in Resources */,
				81B73406202A0133008CA242 /* OWBIcon.icns in Resources */,
			);
			runOnlyForDeploymentPostprocessing = 0;
		};
/* End PBXResourcesBuildPhase section */

/* Begin PBXSourcesBuildPhase section */
		8D11072C0486CEB800E47090 /* Sources */ = {
			isa = PBXSourcesBuildPhase;
			buildActionMask = 2147483647;
			files = (
				8D11072D0486CEB800E47090 /* main.m in Sources */,
				81970F571ECC90ED00B43E6B /* OWAppDelegate.m in Sources */,
				81970F721ECC93A300B43E6B /* OWBrowserController.m in Sources */,
				819E08F71ED277A5009ED95B /* OWWindowHelper.m in Sources */,
				81B730F52029D2DC008CA242 /* OWUserAgentController.m in Sources */,
				81B732A32029E13F008CA242 /* OWLandingPageController.m in Sources */,
			);
			runOnlyForDeploymentPostprocessing = 0;
		};
/* End PBXSourcesBuildPhase section */

/* Begin PBXVariantGroup section */
		089C165CFE840E0CC02AAC07 /* InfoPlist.strings */ = {
			isa = PBXVariantGroup;
			children = (
				089C165DFE840E0CC02AAC07 /* English */,
			);
			name = InfoPlist.strings;
			sourceTree = "<group>";
		};
		815DC2862025EE3A0004DB6E /* MainMenu.nib */ = {
			isa = PBXVariantGroup;
			children = (
				815DC2872025EE3A0004DB6E /* English */,
			);
			name = MainMenu.nib;
			sourceTree = "<group>";
		};
		81B7336E2029EF79008CA242 /* CustomLandingURL.nib */ = {
			isa = PBXVariantGroup;
			children = (
				81B7336F2029EF79008CA242 /* English */,
			);
			name = CustomLandingURL.nib;
			sourceTree = "<group>";
		};
		81B733702029EF79008CA242 /* CustomUserAgent.nib */ = {
			isa = PBXVariantGroup;
			children = (
				81B733712029EF79008CA242 /* English */,
			);
			name = CustomUserAgent.nib;
			sourceTree = "<group>";
		};
/* End PBXVariantGroup section */

/* Begin XCBuildConfiguration section */
		C01FCF4B08A954540054247B /* Debug */ = {
			isa = XCBuildConfiguration;
			buildSettings = {
				INFOPLIST_FILE = Info.plist;
				MACOSX_DEPLOYMENT_TARGET = 10.2;
				PRODUCT_NAME = OneWindowBrowser;
			};
			name = Debug;
		};
		C01FCF4C08A954540054247B /* Release */ = {
			isa = XCBuildConfiguration;
			buildSettings = {
				INFOPLIST_FILE = Info.plist;
				MACOSX_DEPLOYMENT_TARGET = 10.2;
				PRODUCT_NAME = OneWindowBrowser;
			};
			name = Release;
		};
		C01FCF4F08A954540054247B /* Debug */ = {
			isa = XCBuildConfiguration;
			buildSettings = {
				GCC_ENABLE_OBJC_GC = required;
				MACOSX_DEPLOYMENT_TARGET = 10.2;
			};
			name = Debug;
		};
		C01FCF5008A954540054247B /* Release */ = {
			isa = XCBuildConfiguration;
			buildSettings = {
				ARCHS = i386;
				GCC_ENABLE_OBJC_GC = required;
				MACOSX_DEPLOYMENT_TARGET = 10.4;
				SDKROOT = macosx10.5;
			};
			name = Release;
		};
/* End XCBuildConfiguration section */

/* Begin XCConfigurationList section */
		C01FCF4A08A954540054247B /* Build configuration list for PBXNativeTarget "OneWindowBrowser" */ = {
			isa = XCConfigurationList;
			buildConfigurations = (
				C01FCF4B08A954540054247B /* Debug */,
				C01FCF4C08A954540054247B /* Release */,
			);
			defaultConfigurationIsVisible = 0;
			defaultConfigurationName = Release;
		};
		C01FCF4E08A954540054247B /* Build configuration list for PBXProject "OneWindowBrowser XcodeV3" */ = {
			isa = XCConfigurationList;
			buildConfigurations = (
				C01FCF4F08A954540054247B /* Debug */,
				C01FCF5008A954540054247B /* Release */,
			);
			defaultConfigurationIsVisible = 0;
			defaultConfigurationName = Release;
		};
/* End XCConfigurationList section */
	};
	rootObject = 29B97313FDCFA39411CA2CEA /* Project object */;
}
