// !$*UTF8*$!
{
	archiveVersion = 1;
	classes = {
	};
	objectVersion = 45;
	objects = {

/* Begin PBXBuildFile section */
		815DC2882025EE3A0004DB6E /* MainMenu.nib in Resources */ = {isa = PBXBuildFile; fileRef = 815DC2862025EE3A0004DB6E /* MainMenu.nib */; };
		815DC31C2025F6E20004DB6E /* WebKit.framework in Frameworks */ = {isa = PBXBuildFile; fileRef = 815DC31B2025F6E20004DB6E /* WebKit.framework */; };
		81F187D32029F81A0066D7A0 /* CustomUserAgent.nib in Resources */ = {isa = PBXBuildFile; fileRef = 81F187D02029F81A0066D7A0 /* CustomUserAgent.nib */; };
		81F187D52029F8280066D7A0 /* Credits.rtf in Resources */ = {isa = PBXBuildFile; fileRef = 81F187D42029F8280066D7A0 /* Credits.rtf */; };
		81F187E02029F8340066D7A0 /* OWAppDelegate.m in Sources */ = {isa = PBXBuildFile; fileRef = 81F187D72029F8340066D7A0 /* OWAppDelegate.m */; };
		81F187E12029F8340066D7A0 /* OWBrowserController.m in Sources */ = {isa = PBXBuildFile; fileRef = 81F187D92029F8340066D7A0 /* OWBrowserController.m */; };
		81F187E32029F8340066D7A0 /* OWUserAgentController.m in Sources */ = {isa = PBXBuildFile; fileRef = 81F187DD2029F8340066D7A0 /* OWUserAgentController.m */; };
		81F187E42029F8340066D7A0 /* OWWindowHelper.m in Sources */ = {isa = PBXBuildFile; fileRef = 81F187DF2029F8340066D7A0 /* OWWindowHelper.m */; };
		81F187EA202A16020066D7A0 /* OWBIcon.icns in Resources */ = {isa = PBXBuildFile; fileRef = 81F187E9202A16020066D7A0 /* OWBIcon.icns */; };
		8ADD1DE6202A7B000099F863 /* Preferences.nib in Resources */ = {isa = PBXBuildFile; fileRef = 8ADD1DE4202A7B000099F863 /* Preferences.nib */; };
		8ADD1DE8202A7C380099F863 /* OWPreferencesController.m in Sources */ = {isa = PBXBuildFile; fileRef = 8ADD1DE7202A7C380099F863 /* OWPreferencesController.m */; };
		8D11072B0486CEB800E47090 /* InfoPlist.strings in Resources */ = {isa = PBXBuildFile; fileRef = 089C165CFE840E0CC02AAC07 /* InfoPlist.strings */; };
		8D11072D0486CEB800E47090 /* main.m in Sources */ = {isa = PBXBuildFile; fileRef = 29B97316FDCFA39411CA2CEA /* main.m */; settings = {ATTRIBUTES = (); }; };
		8D11072F0486CEB800E47090 /* Cocoa.framework in Frameworks */ = {isa = PBXBuildFile; fileRef = 1058C7A1FEA54F0111CA2CBB /* Cocoa.framework */; };
/* End PBXBuildFile section */

/* Begin PBXFileReference section */
		089C165DFE840E0CC02AAC07 /* English */ = {isa = PBXFileReference; fileEncoding = 10; lastKnownFileType = text.plist.strings; name = English; path = English.lproj/InfoPlist.strings; sourceTree = "<group>"; };
		1058C7A1FEA54F0111CA2CBB /* Cocoa.framework */ = {isa = PBXFileReference; lastKnownFileType = wrapper.framework; name = Cocoa.framework; path = /System/Library/Frameworks/Cocoa.framework; sourceTree = "<absolute>"; };
		13E42FB307B3F0F600E4EEF1 /* CoreData.framework */ = {isa = PBXFileReference; lastKnownFileType = wrapper.framework; name = CoreData.framework; path = /System/Library/Frameworks/CoreData.framework; sourceTree = "<absolute>"; };
		29B97316FDCFA39411CA2CEA /* main.m */ = {isa = PBXFileReference; fileEncoding = 4; lastKnownFileType = sourcecode.c.objc; path = main.m; sourceTree = "<group>"; };
		29B97324FDCFA39411CA2CEA /* AppKit.framework */ = {isa = PBXFileReference; lastKnownFileType = wrapper.framework; name = AppKit.framework; path = /System/Library/Frameworks/AppKit.framework; sourceTree = "<absolute>"; };
		29B97325FDCFA39411CA2CEA /* Foundation.framework */ = {isa = PBXFileReference; lastKnownFileType = wrapper.framework; name = Foundation.framework; path = /System/Library/Frameworks/Foundation.framework; sourceTree = "<absolute>"; };
		32CA4F630368D1EE00C91783 /* OneWindowBrowser_Prefix.pch */ = {isa = PBXFileReference; fileEncoding = 4; lastKnownFileType = sourcecode.c.h; path = OneWindowBrowser_Prefix.pch; sourceTree = "<group>"; };
		815DC2872025EE3A0004DB6E /* English */ = {isa = PBXFileReference; lastKnownFileType = wrapper.nib; name = English; path = English.lproj/MainMenu.nib; sourceTree = "<group>"; };
		815DC31B2025F6E20004DB6E /* WebKit.framework */ = {isa = PBXFileReference; lastKnownFileType = wrapper.framework; name = WebKit.framework; path = /System/Library/Frameworks/WebKit.framework; sourceTree = "<absolute>"; };
		81A9E5FC1EF90673007D197E /* OneWindowBrowser.app */ = {isa = PBXFileReference; explicitFileType = wrapper.application; includeInIndex = 0; path = OneWindowBrowser.app; sourceTree = BUILT_PRODUCTS_DIR; };
		81F187D12029F81A0066D7A0 /* English */ = {isa = PBXFileReference; lastKnownFileType = wrapper.nib; name = English; path = English.lproj/CustomUserAgent.nib; sourceTree = "<group>"; };
		81F187D42029F8280066D7A0 /* Credits.rtf */ = {isa = PBXFileReference; fileEncoding = 4; lastKnownFileType = text.rtf; path = Credits.rtf; sourceTree = "<group>"; };
		81F187D62029F8340066D7A0 /* OWAppDelegate.h */ = {isa = PBXFileReference; fileEncoding = 4; lastKnownFileType = sourcecode.c.h; path = OWAppDelegate.h; sourceTree = "<group>"; };
		81F187D72029F8340066D7A0 /* OWAppDelegate.m */ = {isa = PBXFileReference; fileEncoding = 4; lastKnownFileType = sourcecode.c.objc; path = OWAppDelegate.m; sourceTree = "<group>"; };
		81F187D82029F8340066D7A0 /* OWBrowserController.h */ = {isa = PBXFileReference; fileEncoding = 4; lastKnownFileType = sourcecode.c.h; path = OWBrowserController.h; sourceTree = "<group>"; };
		81F187D92029F8340066D7A0 /* OWBrowserController.m */ = {isa = PBXFileReference; fileEncoding = 4; lastKnownFileType = sourcecode.c.objc; path = OWBrowserController.m; sourceTree = "<group>"; };
		81F187DC2029F8340066D7A0 /* OWUserAgentController.h */ = {isa = PBXFileReference; fileEncoding = 4; lastKnownFileType = sourcecode.c.h; path = OWUserAgentController.h; sourceTree = "<group>"; };
		81F187DD2029F8340066D7A0 /* OWUserAgentController.m */ = {isa = PBXFileReference; fileEncoding = 4; lastKnownFileType = sourcecode.c.objc; path = OWUserAgentController.m; sourceTree = "<group>"; };
		81F187DE2029F8340066D7A0 /* OWWindowHelper.h */ = {isa = PBXFileReference; fileEncoding = 4; lastKnownFileType = sourcecode.c.h; path = OWWindowHelper.h; sourceTree = "<group>"; };
		81F187DF2029F8340066D7A0 /* OWWindowHelper.m */ = {isa = PBXFileReference; fileEncoding = 4; lastKnownFileType = sourcecode.c.objc; path = OWWindowHelper.m; sourceTree = "<group>"; };
		81F187E9202A16020066D7A0 /* OWBIcon.icns */ = {isa = PBXFileReference; lastKnownFileType = image.icns; name = OWBIcon.icns; path = HiDPIResources/OWBIcon.icns; sourceTree = "<group>"; };
		8ADD1DE5202A7B000099F863 /* English */ = {isa = PBXFileReference; lastKnownFileType = wrapper.nib; name = English; path = English.lproj/Preferences.nib; sourceTree = "<group>"; };
		8ADD1DE7202A7C380099F863 /* OWPreferencesController.m */ = {isa = PBXFileReference; lastKnownFileType = sourcecode.c.objc; path = OWPreferencesController.m; sourceTree = "<group>"; };
		8ADD1DE9202A7C560099F863 /* OWPreferencesController.h */ = {isa = PBXFileReference; lastKnownFileType = sourcecode.c.h; path = OWPreferencesController.h; sourceTree = "<group>"; };
		8D1107310486CEB800E47090 /* Info.plist */ = {isa = PBXFileReference; fileEncoding = 4; lastKnownFileType = text.plist.xml; path = Info.plist; sourceTree = "<group>"; };
/* End PBXFileReference section */

/* Begin PBXFrameworksBuildPhase section */
		8D11072E0486CEB800E47090 /* Frameworks */ = {
			isa = PBXFrameworksBuildPhase;
			buildActionMask = 2147483647;
			files = (
				8D11072F0486CEB800E47090 /* Cocoa.framework in Frameworks */,
				815DC31C2025F6E20004DB6E /* WebKit.framework in Frameworks */,
			);
			runOnlyForDeploymentPostprocessing = 0;
		};
/* End PBXFrameworksBuildPhase section */

/* Begin PBXGroup section */
		080E96DDFE201D6D7F000001 /* Classes */ = {
			isa = PBXGroup;
			children = (
				81F187D62029F8340066D7A0 /* OWAppDelegate.h */,
				81F187D72029F8340066D7A0 /* OWAppDelegate.m */,
				81F187D82029F8340066D7A0 /* OWBrowserController.h */,
				81F187D92029F8340066D7A0 /* OWBrowserController.m */,
				81F187DC2029F8340066D7A0 /* OWUserAgentController.h */,
				81F187DD2029F8340066D7A0 /* OWUserAgentController.m */,
				8ADD1DE9202A7C560099F863 /* OWPreferencesController.h */,
				8ADD1DE7202A7C380099F863 /* OWPreferencesController.m */,
				81F187DE2029F8340066D7A0 /* OWWindowHelper.h */,
				81F187DF2029F8340066D7A0 /* OWWindowHelper.m */,
			);
			name = Classes;
			sourceTree = "<group>";
		};
		1058C7A0FEA54F0111CA2CBB /* Linked Frameworks */ = {
			isa = PBXGroup;
			children = (
				815DC31B2025F6E20004DB6E /* WebKit.framework */,
				1058C7A1FEA54F0111CA2CBB /* Cocoa.framework */,
			);
			name = "Linked Frameworks";
			sourceTree = "<group>";
		};
		1058C7A2FEA54F0111CA2CBB /* Other Frameworks */ = {
			isa = PBXGroup;
			children = (
				29B97324FDCFA39411CA2CEA /* AppKit.framework */,
				13E42FB307B3F0F600E4EEF1 /* CoreData.framework */,
				29B97325FDCFA39411CA2CEA /* Foundation.framework */,
			);
			name = "Other Frameworks";
			sourceTree = "<group>";
		};
		19C28FACFE9D520D11CA2CBB /* Products */ = {
			isa = PBXGroup;
			children = (
				81A9E5FC1EF90673007D197E /* OneWindowBrowser.app */,
			);
			name = Products;
			sourceTree = "<group>";
		};
		29B97314FDCFA39411CA2CEA /* SimpleBrowserLeopard */ = {
			isa = PBXGroup;
			children = (
				080E96DDFE201D6D7F000001 /* Classes */,
				29B97315FDCFA39411CA2CEA /* Other Sources */,
				29B97317FDCFA39411CA2CEA /* Resources */,
				29B97323FDCFA39411CA2CEA /* Frameworks */,
				19C28FACFE9D520D11CA2CBB /* Products */,
			);
			name = SimpleBrowserLeopard;
			sourceTree = "<group>";
		};
		29B97315FDCFA39411CA2CEA /* Other Sources */ = {
			isa = PBXGroup;
			children = (
				32CA4F630368D1EE00C91783 /* OneWindowBrowser_Prefix.pch */,
				29B97316FDCFA39411CA2CEA /* main.m */,
			);
			name = "Other Sources";
			sourceTree = "<group>";
		};
		29B97317FDCFA39411CA2CEA /* Resources */ = {
			isa = PBXGroup;
			children = (
				81F187E9202A16020066D7A0 /* OWBIcon.icns */,
				81F187D42029F8280066D7A0 /* Credits.rtf */,
				81F187D02029F81A0066D7A0 /* CustomUserAgent.nib */,
				815DC2862025EE3A0004DB6E /* MainMenu.nib */,
				8ADD1DE4202A7B000099F863 /* Preferences.nib */,
				8D1107310486CEB800E47090 /* Info.plist */,
				089C165CFE840E0CC02AAC07 /* InfoPlist.strings */,
			);
			name = Resources;
			sourceTree = "<group>";
		};
		29B97323FDCFA39411CA2CEA /* Frameworks */ = {
			isa = PBXGroup;
			children = (
				1058C7A0FEA54F0111CA2CBB /* Linked Frameworks */,
				1058C7A2FEA54F0111CA2CBB /* Other Frameworks */,
			);
			name = Frameworks;
			sourceTree = "<group>";
		};
/* End PBXGroup section */

/* Begin PBXNativeTarget section */
		8D1107260486CEB800E47090 /* OneWindowBrowser */ = {
			isa = PBXNativeTarget;
			buildConfigurationList = C01FCF4A08A954540054247B /* Build configuration list for PBXNativeTarget "OneWindowBrowser" */;
			buildPhases = (
				8D1107290486CEB800E47090 /* Resources */,
				8D11072C0486CEB800E47090 /* Sources */,
				8D11072E0486CEB800E47090 /* Frameworks */,
			);
			buildRules = (
			);
			dependencies = (
			);
			name = OneWindowBrowser;
			productInstallPath = "$(HOME)/Applications";
			productName = SimpleBrowserLeopard;
			productReference = 81A9E5FC1EF90673007D197E /* OneWindowBrowser.app */;
			productType = "com.apple.product-type.application";
		};
/* End PBXNativeTarget section */

/* Begin PBXProject section */
		29B97313FDCFA39411CA2CEA /* Project object */ = {
			isa = PBXProject;
			attributes = {
			};
			buildConfigurationList = C01FCF4E08A954540054247B /* Build configuration list for PBXProject "OneWindowBrowser XcodeV8" */;
			compatibilityVersion = "Xcode 3.1";
			developmentRegion = English;
			hasScannedForEncodings = 1;
			knownRegions = (
				en,
				English,
			);
			mainGroup = 29B97314FDCFA39411CA2CEA /* SimpleBrowserLeopard */;
			projectDirPath = "";
			projectRoot = "";
			targets = (
				8D1107260486CEB800E47090 /* OneWindowBrowser */,
			);
		};
/* End PBXProject section */

/* Begin PBXResourcesBuildPhase section */
		8D1107290486CEB800E47090 /* Resources */ = {
			isa = PBXResourcesBuildPhase;
			buildActionMask = 2147483647;
			files = (
				8D11072B0486CEB800E47090 /* InfoPlist.strings in Resources */,
				81F187EA202A16020066D7A0 /* OWBIcon.icns in Resources */,
				815DC2882025EE3A0004DB6E /* MainMenu.nib in Resources */,
				8ADD1DE6202A7B000099F863 /* Preferences.nib in Resources */,
				81F187D52029F8280066D7A0 /* Credits.rtf in Resources */,
				81F187D32029F81A0066D7A0 /* CustomUserAgent.nib in Resources */,
			);
			runOnlyForDeploymentPostprocessing = 0;
		};
/* End PBXResourcesBuildPhase section */

/* Begin PBXSourcesBuildPhase section */
		8D11072C0486CEB800E47090 /* Sources */ = {
			isa = PBXSourcesBuildPhase;
			buildActionMask = 2147483647;
			files = (
				81F187E12029F8340066D7A0 /* OWBrowserController.m in Sources */,
				8D11072D0486CEB800E47090 /* main.m in Sources */,
				81F187E32029F8340066D7A0 /* OWUserAgentController.m in Sources */,
				81F187E42029F8340066D7A0 /* OWWindowHelper.m in Sources */,
				81F187E02029F8340066D7A0 /* OWAppDelegate.m in Sources */,
				8ADD1DE8202A7C380099F863 /* OWPreferencesController.m in Sources */,
			);
			runOnlyForDeploymentPostprocessing = 0;
		};
/* End PBXSourcesBuildPhase section */

/* Begin PBXVariantGroup section */
		089C165CFE840E0CC02AAC07 /* InfoPlist.strings */ = {
			isa = PBXVariantGroup;
			children = (
				089C165DFE840E0CC02AAC07 /* English */,
			);
			name = InfoPlist.strings;
			sourceTree = "<group>";
		};
		815DC2862025EE3A0004DB6E /* MainMenu.nib */ = {
			isa = PBXVariantGroup;
			children = (
				815DC2872025EE3A0004DB6E /* English */,
			);
			name = MainMenu.nib;
			sourceTree = "<group>";
		};
		81F187D02029F81A0066D7A0 /* CustomUserAgent.nib */ = {
			isa = PBXVariantGroup;
			children = (
				81F187D12029F81A0066D7A0 /* English */,
			);
			name = CustomUserAgent.nib;
			sourceTree = "<group>";
		};
		8ADD1DE4202A7B000099F863 /* Preferences.nib */ = {
			isa = PBXVariantGroup;
			children = (
				8ADD1DE5202A7B000099F863 /* English */,
			);
			name = Preferences.nib;
			sourceTree = "<group>";
		};
/* End PBXVariantGroup section */

/* Begin XCBuildConfiguration section */
		C01FCF4B08A954540054247B /* Debug */ = {
			isa = XCBuildConfiguration;
			buildSettings = {
				GCC_ENABLE_OBJC_GC = unsupported;
				INFOPLIST_FILE = Info.plist;
				MACOSX_DEPLOYMENT_TARGET = 10.6;
				PRODUCT_NAME = OneWindowBrowser;
				SDKROOT = macosx;
			};
			name = Debug;
		};
		C01FCF4C08A954540054247B /* Release */ = {
			isa = XCBuildConfiguration;
			buildSettings = {
				GCC_ENABLE_OBJC_GC = unsupported;
				INFOPLIST_FILE = Info.plist;
				MACOSX_DEPLOYMENT_TARGET = 10.6;
				PRODUCT_NAME = OneWindowBrowser;
				SDKROOT = macosx;
			};
			name = Release;
		};
		C01FCF4F08A954540054247B /* Debug */ = {
			isa = XCBuildConfiguration;
			buildSettings = {
				GCC_ENABLE_OBJC_GC = required;
			};
			name = Debug;
		};
		C01FCF5008A954540054247B /* Release */ = {
			isa = XCBuildConfiguration;
			buildSettings = {
				GCC_ENABLE_OBJC_GC = required;
			};
			name = Release;
		};
/* End XCBuildConfiguration section */

/* Begin XCConfigurationList section */
		C01FCF4A08A954540054247B /* Build configuration list for PBXNativeTarget "OneWindowBrowser" */ = {
			isa = XCConfigurationList;
			buildConfigurations = (
				C01FCF4B08A954540054247B /* Debug */,
				C01FCF4C08A954540054247B /* Release */,
			);
			defaultConfigurationIsVisible = 0;
			defaultConfigurationName = Release;
		};
		C01FCF4E08A954540054247B /* Build configuration list for PBXProject "OneWindowBrowser XcodeV8" */ = {
			isa = XCConfigurationList;
			buildConfigurations = (
				C01FCF4F08A954540054247B /* Debug */,
				C01FCF5008A954540054247B /* Release */,
			);
			defaultConfigurationIsVisible = 0;
			defaultConfigurationName = Release;
		};
/* End XCConfigurationList section */
	};
	rootObject = 29B97313FDCFA39411CA2CEA /* Project object */;
}
